// !$*UTF8*$!
{
	archiveVersion = 1;
	classes = {
	};
	objectVersion = 56;
	objects = {

/* Begin PBXBuildFile section */
		6A6CC09629F9080E00F5C443 /* Podcast.swift in Sources */ = {isa = PBXBuildFile; fileRef = 6A6CC09529F9080E00F5C443 /* Podcast.swift */; };
		6A6CC09A29F918F300F5C443 /* WebService.swift in Sources */ = {isa = PBXBuildFile; fileRef = 6A6CC09929F918F300F5C443 /* WebService.swift */; };
		6A6CC09C29F91E2A00F5C443 /* URLResponse.swift in Sources */ = {isa = PBXBuildFile; fileRef = 6A6CC09B29F91E2A00F5C443 /* URLResponse.swift */; };
		6A6CC09E29F92D0100F5C443 /* HelperMethods.swift in Sources */ = {isa = PBXBuildFile; fileRef = 6A6CC09D29F92D0100F5C443 /* HelperMethods.swift */; };
		6A79040E29F9A638003345BC /* DetailsViewController.swift in Sources */ = {isa = PBXBuildFile; fileRef = 6A79040D29F9A638003345BC /* DetailsViewController.swift */; };
		6AA618B529F8F4CF00800899 /* AppDelegate.swift in Sources */ = {isa = PBXBuildFile; fileRef = 6AA618B429F8F4CF00800899 /* AppDelegate.swift */; };
		6AA618B729F8F4CF00800899 /* SceneDelegate.swift in Sources */ = {isa = PBXBuildFile; fileRef = 6AA618B629F8F4CF00800899 /* SceneDelegate.swift */; };
		6AA618B929F8F4CF00800899 /* ViewController.swift in Sources */ = {isa = PBXBuildFile; fileRef = 6AA618B829F8F4CF00800899 /* ViewController.swift */; };
		6AA618BC29F8F4CF00800899 /* Main.storyboard in Resources */ = {isa = PBXBuildFile; fileRef = 6AA618BA29F8F4CF00800899 /* Main.storyboard */; };
		6AA618BE29F8F4D300800899 /* Assets.xcassets in Resources */ = {isa = PBXBuildFile; fileRef = 6AA618BD29F8F4D300800899 /* Assets.xcassets */; };
		6AA618C129F8F4D300800899 /* LaunchScreen.storyboard in Resources */ = {isa = PBXBuildFile; fileRef = 6AA618BF29F8F4D300800899 /* LaunchScreen.storyboard */; };
		6AA618CA29F8FCFA00800899 /* AudioBookCell.swift in Sources */ = {isa = PBXBuildFile; fileRef = 6AA618C929F8FCFA00800899 /* AudioBookCell.swift */; };
/* End PBXBuildFile section */

/* Begin PBXFileReference section */
		6A6CC09529F9080E00F5C443 /* Podcast.swift */ = {isa = PBXFileReference; lastKnownFileType = sourcecode.swift; path = Podcast.swift; sourceTree = "<group>"; };
		6A6CC09929F918F300F5C443 /* WebService.swift */ = {isa = PBXFileReference; lastKnownFileType = sourcecode.swift; path = WebService.swift; sourceTree = "<group>"; };
		6A6CC09B29F91E2A00F5C443 /* URLResponse.swift */ = {isa = PBXFileReference; lastKnownFileType = sourcecode.swift; path = URLResponse.swift; sourceTree = "<group>"; };
		6A6CC09D29F92D0100F5C443 /* HelperMethods.swift */ = {isa = PBXFileReference; lastKnownFileType = sourcecode.swift; path = HelperMethods.swift; sourceTree = "<group>"; };
		6A79040D29F9A638003345BC /* DetailsViewController.swift */ = {isa = PBXFileReference; lastKnownFileType = sourcecode.swift; path = DetailsViewController.swift; sourceTree = "<group>"; };
		6AA618B129F8F4CF00800899 /* Audiobooks.app */ = {isa = PBXFileReference; explicitFileType = wrapper.application; includeInIndex = 0; path = Audiobooks.app; sourceTree = BUILT_PRODUCTS_DIR; };
		6AA618B429F8F4CF00800899 /* AppDelegate.swift */ = {isa = PBXFileReference; lastKnownFileType = sourcecode.swift; path = AppDelegate.swift; sourceTree = "<group>"; };
		6AA618B629F8F4CF00800899 /* SceneDelegate.swift */ = {isa = PBXFileReference; lastKnownFileType = sourcecode.swift; path = SceneDelegate.swift; sourceTree = "<group>"; };
		6AA618B829F8F4CF00800899 /* ViewController.swift */ = {isa = PBXFileReference; lastKnownFileType = sourcecode.swift; path = ViewController.swift; sourceTree = "<group>"; };
		6AA618BB29F8F4CF00800899 /* Base */ = {isa = PBXFileReference; lastKnownFileType = file.storyboard; name = Base; path = Base.lproj/Main.storyboard; sourceTree = "<group>"; };
		6AA618BD29F8F4D300800899 /* Assets.xcassets */ = {isa = PBXFileReference; lastKnownFileType = folder.assetcatalog; path = Assets.xcassets; sourceTree = "<group>"; };
		6AA618C029F8F4D300800899 /* Base */ = {isa = PBXFileReference; lastKnownFileType = file.storyboard; name = Base; path = Base.lproj/LaunchScreen.storyboard; sourceTree = "<group>"; };
		6AA618C229F8F4D300800899 /* Info.plist */ = {isa = PBXFileReference; lastKnownFileType = text.plist.xml; path = Info.plist; sourceTree = "<group>"; };
		6AA618C929F8FCFA00800899 /* AudioBookCell.swift */ = {isa = PBXFileReference; lastKnownFileType = sourcecode.swift; path = AudioBookCell.swift; sourceTree = "<group>"; };
/* End PBXFileReference section */

/* Begin PBXFrameworksBuildPhase section */
		6AA618AE29F8F4CF00800899 /* Frameworks */ = {
			isa = PBXFrameworksBuildPhase;
			buildActionMask = 2147483647;
			files = (
			);
			runOnlyForDeploymentPostprocessing = 0;
		};
/* End PBXFrameworksBuildPhase section */

/* Begin PBXGroup section */
		6AA618A829F8F4CF00800899 = {
			isa = PBXGroup;
			children = (
				6AA618B329F8F4CF00800899 /* Audiobooks */,
				6AA618B229F8F4CF00800899 /* Products */,
			);
			sourceTree = "<group>";
		};
		6AA618B229F8F4CF00800899 /* Products */ = {
			isa = PBXGroup;
			children = (
				6AA618B129F8F4CF00800899 /* Audiobooks.app */,
			);
			name = Products;
			sourceTree = "<group>";
		};
		6AA618B329F8F4CF00800899 /* Audiobooks */ = {
			isa = PBXGroup;
			children = (
				6AA618B429F8F4CF00800899 /* AppDelegate.swift */,
				6AA618B629F8F4CF00800899 /* SceneDelegate.swift */,
				6AA618B829F8F4CF00800899 /* ViewController.swift */,
				6A79040D29F9A638003345BC /* DetailsViewController.swift */,
				6A6CC09929F918F300F5C443 /* WebService.swift */,
				6AA618C929F8FCFA00800899 /* AudioBookCell.swift */,
				6A6CC09529F9080E00F5C443 /* Podcast.swift */,
				6A6CC09B29F91E2A00F5C443 /* URLResponse.swift */,
				6A6CC09D29F92D0100F5C443 /* HelperMethods.swift */,
				6AA618BA29F8F4CF00800899 /* Main.storyboard */,
				6AA618BD29F8F4D300800899 /* Assets.xcassets */,
				6AA618BF29F8F4D300800899 /* LaunchScreen.storyboard */,
				6AA618C229F8F4D300800899 /* Info.plist */,
			);
			path = Audiobooks;
			sourceTree = "<group>";
		};
/* End PBXGroup section */

/* Begin PBXNativeTarget section */
		6AA618B029F8F4CF00800899 /* Audiobooks */ = {
			isa = PBXNativeTarget;
			buildConfigurationList = 6AA618C529F8F4D300800899 /* Build configuration list for PBXNativeTarget "Audiobooks" */;
			buildPhases = (
				6AA618AD29F8F4CF00800899 /* Sources */,
				6AA618AE29F8F4CF00800899 /* Frameworks */,
				6AA618AF29F8F4CF00800899 /* Resources */,
			);
			buildRules = (
			);
			dependencies = (
			);
			name = Audiobooks;
			productName = Audiobooks;
			productReference = 6AA618B129F8F4CF00800899 /* Audiobooks.app */;
			productType = "com.apple.product-type.application";
		};
/* End PBXNativeTarget section */

/* Begin PBXProject section */
		6AA618A929F8F4CF00800899 /* Project object */ = {
			isa = PBXProject;
			attributes = {
				BuildIndependentTargetsInParallel = 1;
				LastSwiftUpdateCheck = 1420;
				LastUpgradeCheck = 1420;
				TargetAttributes = {
					6AA618B029F8F4CF00800899 = {
						CreatedOnToolsVersion = 14.2;
					};
				};
			};
			buildConfigurationList = 6AA618AC29F8F4CF00800899 /* Build configuration list for PBXProject "Audiobooks" */;
			compatibilityVersion = "Xcode 14.0";
			developmentRegion = en;
			hasScannedForEncodings = 0;
			knownRegions = (
				en,
				Base,
			);
			mainGroup = 6AA618A829F8F4CF00800899;
			productRefGroup = 6AA618B229F8F4CF00800899 /* Products */;
			projectDirPath = "";
			projectRoot = "";
			targets = (
				6AA618B029F8F4CF00800899 /* Audiobooks */,
			);
		};
/* End PBXProject section */

/* Begin PBXResourcesBuildPhase section */
		6AA618AF29F8F4CF00800899 /* Resources */ = {
			isa = PBXResourcesBuildPhase;
			buildActionMask = 2147483647;
			files = (
				6AA618C129F8F4D300800899 /* LaunchScreen.storyboard in Resources */,
				6AA618BE29F8F4D300800899 /* Assets.xcassets in Resources */,
				6AA618BC29F8F4CF00800899 /* Main.storyboard in Resources */,
			);
			runOnlyForDeploymentPostprocessing = 0;
		};
/* End PBXResourcesBuildPhase section */

/* Begin PBXSourcesBuildPhase section */
		6AA618AD29F8F4CF00800899 /* Sources */ = {
			isa = PBXSourcesBuildPhase;
			buildActionMask = 2147483647;
			files = (
				6A6CC09A29F918F300F5C443 /* WebService.swift in Sources */,
				6AA618B929F8F4CF00800899 /* ViewController.swift in Sources */,
				6A79040E29F9A638003345BC /* DetailsViewController.swift in Sources */,
				6AA618B529F8F4CF00800899 /* AppDelegate.swift in Sources */,
				6A6CC09E29F92D0100F5C443 /* HelperMethods.swift in Sources */,
				6AA618B729F8F4CF00800899 /* SceneDelegate.swift in Sources */,
				6AA618CA29F8FCFA00800899 /* AudioBookCell.swift in Sources */,
				6A6CC09C29F91E2A00F5C443 /* URLResponse.swift in Sources */,
				6A6CC09629F9080E00F5C443 /* Podcast.swift in Sources */,
			);
			runOnlyForDeploymentPostprocessing = 0;
		};
/* End PBXSourcesBuildPhase section */

/* Begin PBXVariantGroup section */
		6AA618BA29F8F4CF00800899 /* Main.storyboard */ = {
			isa = PBXVariantGroup;
			children = (
				6AA618BB29F8F4CF00800899 /* Base */,
			);
			name = Main.storyboard;
			sourceTree = "<group>";
		};
		6AA618BF29F8F4D300800899 /* LaunchScreen.storyboard */ = {
			isa = PBXVariantGroup;
			children = (
				6AA618C029F8F4D300800899 /* Base */,
			);
			name = LaunchScreen.storyboard;
			sourceTree = "<group>";
		};
/* End PBXVariantGroup section */

/* Begin XCBuildConfiguration section */
		6AA618C329F8F4D300800899 /* Debug */ = {
			isa = XCBuildConfiguration;
			buildSettings = {
				ALWAYS_SEARCH_USER_PATHS = NO;
				CLANG_ANALYZER_NONNULL = YES;
				CLANG_ANALYZER_NUMBER_OBJECT_CONVERSION = YES_AGGRESSIVE;
				CLANG_CXX_LANGUAGE_STANDARD = "gnu++20";
				CLANG_ENABLE_MODULES = YES;
				CLANG_ENABLE_OBJC_ARC = YES;
				CLANG_ENABLE_OBJC_WEAK = YES;
				CLANG_WARN_BLOCK_CAPTURE_AUTORELEASING = YES;
				CLANG_WARN_BOOL_CONVERSION = YES;
				CLANG_WARN_COMMA = YES;
				CLANG_WARN_CONSTANT_CONVERSION = YES;
				CLANG_WARN_DEPRECATED_OBJC_IMPLEMENTATIONS = YES;
				CLANG_WARN_DIRECT_OBJC_ISA_USAGE = YES_ERROR;
				CLANG_WARN_DOCUMENTATION_COMMENTS = YES;
				CLANG_WARN_EMPTY_BODY = YES;
				CLANG_WARN_ENUM_CONVERSION = YES;
				CLANG_WARN_INFINITE_RECURSION = YES;
				CLANG_WARN_INT_CONVERSION = YES;
				CLANG_WARN_NON_LITERAL_NULL_CONVERSION = YES;
				CLANG_WARN_OBJC_IMPLICIT_RETAIN_SELF = YES;
				CLANG_WARN_OBJC_LITERAL_CONVERSION = YES;
				CLANG_WARN_OBJC_ROOT_CLASS = YES_ERROR;
				CLANG_WARN_QUOTED_INCLUDE_IN_FRAMEWORK_HEADER = YES;
				CLANG_WARN_RANGE_LOOP_ANALYSIS = YES;
				CLANG_WARN_STRICT_PROTOTYPES = YES;
				CLANG_WARN_SUSPICIOUS_MOVE = YES;
				CLANG_WARN_UNGUARDED_AVAILABILITY = YES_AGGRESSIVE;
				CLANG_WARN_UNREACHABLE_CODE = YES;
				CLANG_WARN__DUPLICATE_METHOD_MATCH = YES;
				COPY_PHASE_STRIP = NO;
				DEBUG_INFORMATION_FORMAT = dwarf;
				ENABLE_STRICT_OBJC_MSGSEND = YES;
				ENABLE_TESTABILITY = YES;
				GCC_C_LANGUAGE_STANDARD = gnu11;
				GCC_DYNAMIC_NO_PIC = NO;
				GCC_NO_COMMON_BLOCKS = YES;
				GCC_OPTIMIZATION_LEVEL = 0;
				GCC_PREPROCESSOR_DEFINITIONS = (
					"DEBUG=1",
					"$(inherited)",
				);
				GCC_WARN_64_TO_32_BIT_CONVERSION = YES;
				GCC_WARN_ABOUT_RETURN_TYPE = YES_ERROR;
				GCC_WARN_UNDECLARED_SELECTOR = YES;
				GCC_WARN_UNINITIALIZED_AUTOS = YES_AGGRESSIVE;
				GCC_WARN_UNUSED_FUNCTION = YES;
				GCC_WARN_UNUSED_VARIABLE = YES;
				IPHONEOS_DEPLOYMENT_TARGET = 16.2;
				MTL_ENABLE_DEBUG_INFO = INCLUDE_SOURCE;
				MTL_FAST_MATH = YES;
				ONLY_ACTIVE_ARCH = YES;
				SDKROOT = iphoneos;
				SWIFT_ACTIVE_COMPILATION_CONDITIONS = DEBUG;
				SWIFT_OPTIMIZATION_LEVEL = "-Onone";
			};
			name = Debug;
		};
		6AA618C429F8F4D300800899 /* Release */ = {
			isa = XCBuildConfiguration;
			buildSettings = {
				ALWAYS_SEARCH_USER_PATHS = NO;
				CLANG_ANALYZER_NONNULL = YES;
				CLANG_ANALYZER_NUMBER_OBJECT_CONVERSION = YES_AGGRESSIVE;
				CLANG_CXX_LANGUAGE_STANDARD = "gnu++20";
				CLANG_ENABLE_MODULES = YES;
				CLANG_ENABLE_OBJC_ARC = YES;
				CLANG_ENABLE_OBJC_WEAK = YES;
				CLANG_WARN_BLOCK_CAPTURE_AUTORELEASING = YES;
				CLANG_WARN_BOOL_CONVERSION = YES;
				CLANG_WARN_COMMA = YES;
				CLANG_WARN_CONSTANT_CONVERSION = YES;
				CLANG_WARN_DEPRECATED_OBJC_IMPLEMENTATIONS = YES;
				CLANG_WARN_DIRECT_OBJC_ISA_USAGE = YES_ERROR;
				CLANG_WARN_DOCUMENTATION_COMMENTS = YES;
				CLANG_WARN_EMPTY_BODY = YES;
				CLANG_WARN_ENUM_CONVERSION = YES;
				CLANG_WARN_INFINITE_RECURSION = YES;
				CLANG_WARN_INT_CONVERSION = YES;
				CLANG_WARN_NON_LITERAL_NULL_CONVERSION = YES;
				CLANG_WARN_OBJC_IMPLICIT_RETAIN_SELF = YES;
				CLANG_WARN_OBJC_LITERAL_CONVERSION = YES;
				CLANG_WARN_OBJC_ROOT_CLASS = YES_ERROR;
				CLANG_WARN_QUOTED_INCLUDE_IN_FRAMEWORK_HEADER = YES;
				CLANG_WARN_RANGE_LOOP_ANALYSIS = YES;
				CLANG_WARN_STRICT_PROTOTYPES = YES;
				CLANG_WARN_SUSPICIOUS_MOVE = YES;
				CLANG_WARN_UNGUARDED_AVAILABILITY = YES_AGGRESSIVE;
				CLANG_WARN_UNREACHABLE_CODE = YES;
				CLANG_WARN__DUPLICATE_METHOD_MATCH = YES;
				COPY_PHASE_STRIP = NO;
				DEBUG_INFORMATION_FORMAT = "dwarf-with-dsym";
				ENABLE_NS_ASSERTIONS = NO;
				ENABLE_STRICT_OBJC_MSGSEND = YES;
				GCC_C_LANGUAGE_STANDARD = gnu11;
				GCC_NO_COMMON_BLOCKS = YES;
				GCC_WARN_64_TO_32_BIT_CONVERSION = YES;
				GCC_WARN_ABOUT_RETURN_TYPE = YES_ERROR;
				GCC_WARN_UNDECLARED_SELECTOR = YES;
				GCC_WARN_UNINITIALIZED_AUTOS = YES_AGGRESSIVE;
				GCC_WARN_UNUSED_FUNCTION = YES;
				GCC_WARN_UNUSED_VARIABLE = YES;
				IPHONEOS_DEPLOYMENT_TARGET = 16.2;
				MTL_ENABLE_DEBUG_INFO = NO;
				MTL_FAST_MATH = YES;
				SDKROOT = iphoneos;
				SWIFT_COMPILATION_MODE = wholemodule;
				SWIFT_OPTIMIZATION_LEVEL = "-O";
				VALIDATE_PRODUCT = YES;
			};
			name = Release;
		};
		6AA618C629F8F4D300800899 /* Debug */ = {
			isa = XCBuildConfiguration;
			buildSettings = {
				ASSETCATALOG_COMPILER_APPICON_NAME = AppIcon;
				ASSETCATALOG_COMPILER_GLOBAL_ACCENT_COLOR_NAME = AccentColor;
				CODE_SIGN_STYLE = Automatic;
				CURRENT_PROJECT_VERSION = 1;
				DEVELOPMENT_TEAM = QM7AXEZA3T;
				GENERATE_INFOPLIST_FILE = YES;
				INFOPLIST_FILE = Audiobooks/Info.plist;
				INFOPLIST_KEY_UIApplicationSupportsIndirectInputEvents = YES;
				INFOPLIST_KEY_UILaunchStoryboardName = LaunchScreen;
				INFOPLIST_KEY_UIMainStoryboardFile = Main;
				INFOPLIST_KEY_UISupportedInterfaceOrientations = UIInterfaceOrientationPortrait;
				INFOPLIST_KEY_UISupportedInterfaceOrientations_iPad = "UIInterfaceOrientationLandscapeLeft UIInterfaceOrientationLandscapeRight UIInterfaceOrientationPortrait UIInterfaceOrientationPortraitUpsideDown";
				LD_RUNPATH_SEARCH_PATHS = (
					"$(inherited)",
					"@executable_path/Frameworks",
				);
				MARKETING_VERSION = 1.0;
				PRODUCT_BUNDLE_IDENTIFIER = genghuayi.Audiobooks;
				PRODUCT_NAME = "$(TARGET_NAME)";
				SWIFT_EMIT_LOC_STRINGS = YES;
				SWIFT_VERSION = 5.0;
				TARGETED_DEVICE_FAMILY = "1,2";
			};
			name = Debug;
		};
		6AA618C729F8F4D300800899 /* Release */ = {
			isa = XCBuildConfiguration;
			buildSettings = {
				ASSETCATALOG_COMPILER_APPICON_NAME = AppIcon;
				ASSETCATALOG_COMPILER_GLOBAL_ACCENT_COLOR_NAME = AccentColor;
				CODE_SIGN_STYLE = Automatic;
				CURRENT_PROJECT_VERSION = 1;
				DEVELOPMENT_TEAM = QM7AXEZA3T;
				GENERATE_INFOPLIST_FILE = YES;
				INFOPLIST_FILE = Audiobooks/Info.plist;
				INFOPLIST_KEY_UIApplicationSupportsIndirectInputEvents = YES;
				INFOPLIST_KEY_UILaunchStoryboardName = LaunchScreen;
				INFOPLIST_KEY_UIMainStoryboardFile = Main;
				INFOPLIST_KEY_UISupportedInterfaceOrientations = UIInterfaceOrientationPortrait;
				INFOPLIST_KEY_UISupportedInterfaceOrientations_iPad = "UIInterfaceOrientationLandscapeLeft UIInterfaceOrientationLandscapeRight UIInterfaceOrientationPortrait UIInterfaceOrientationPortraitUpsideDown";
				LD_RUNPATH_SEARCH_PATHS = (
					"$(inherited)",
					"@executable_path/Frameworks",
				);
				MARKETING_VERSION = 1.0;
				PRODUCT_BUNDLE_IDENTIFIER = genghuayi.Audiobooks;
				PRODUCT_NAME = "$(TARGET_NAME)";
				SWIFT_EMIT_LOC_STRINGS = YES;
				SWIFT_VERSION = 5.0;
				TARGETED_DEVICE_FAMILY = "1,2";
			};
			name = Release;
		};
/* End XCBuildConfiguration section */

/* Begin XCConfigurationList section */
		6AA618AC29F8F4CF00800899 /* Build configuration list for PBXProject "Audiobooks" */ = {
			isa = XCConfigurationList;
			buildConfigurations = (
				6AA618C329F8F4D300800899 /* Debug */,
				6AA618C429F8F4D300800899 /* Release */,
			);
			defaultConfigurationIsVisible = 0;
			defaultConfigurationName = Release;
		};
		6AA618C529F8F4D300800899 /* Build configuration list for PBXNativeTarget "Audiobooks" */ = {
			isa = XCConfigurationList;
			buildConfigurations = (
				6AA618C629F8F4D300800899 /* Debug */,
				6AA618C729F8F4D300800899 /* Release */,
			);
			defaultConfigurationIsVisible = 0;
			defaultConfigurationName = Release;
		};
/* End XCConfigurationList section */
	};
	rootObject = 6AA618A929F8F4CF00800899 /* Project object */;
}
